// !$*UTF8*$!
{
	archiveVersion = 1;
	classes = {
	};
	objectVersion = 50;
	objects = {

/* Begin PBXBuildFile section */
		C4BF13F224355C7000B1527B /* AppDelegate.swift in Sources */ = {isa = PBXBuildFile; fileRef = C4BF13F124355C7000B1527B /* AppDelegate.swift */; };
		C4BF13F424355C7000B1527B /* SceneDelegate.swift in Sources */ = {isa = PBXBuildFile; fileRef = C4BF13F324355C7000B1527B /* SceneDelegate.swift */; };
		C4BF13F624355C7000B1527B /* ViewController.swift in Sources */ = {isa = PBXBuildFile; fileRef = C4BF13F524355C7000B1527B /* ViewController.swift */; };
		C4BF13FB24355C7300B1527B /* Assets.xcassets in Resources */ = {isa = PBXBuildFile; fileRef = C4BF13FA24355C7300B1527B /* Assets.xcassets */; };
		C4BF140724355DE500B1527B /* Main.storyboard in Resources */ = {isa = PBXBuildFile; fileRef = C4BF140524355DE500B1527B /* Main.storyboard */; };
		C4BF140A24355DED00B1527B /* LaunchScreen.storyboard in Resources */ = {isa = PBXBuildFile; fileRef = C4BF140824355DED00B1527B /* LaunchScreen.storyboard */; };
/* End PBXBuildFile section */

/* Begin PBXFileReference section */
		C4BF13EE24355C7000B1527B /* View Life Cycle Lab.app */ = {isa = PBXFileReference; explicitFileType = wrapper.application; includeInIndex = 0; path = "View Life Cycle Lab.app"; sourceTree = BUILT_PRODUCTS_DIR; };
		C4BF13F124355C7000B1527B /* AppDelegate.swift */ = {isa = PBXFileReference; lastKnownFileType = sourcecode.swift; path = AppDelegate.swift; sourceTree = "<group>"; };
		C4BF13F324355C7000B1527B /* SceneDelegate.swift */ = {isa = PBXFileReference; lastKnownFileType = sourcecode.swift; path = SceneDelegate.swift; sourceTree = "<group>"; };
		C4BF13F524355C7000B1527B /* ViewController.swift */ = {isa = PBXFileReference; lastKnownFileType = sourcecode.swift; path = ViewController.swift; sourceTree = "<group>"; };
		C4BF13FA24355C7300B1527B /* Assets.xcassets */ = {isa = PBXFileReference; lastKnownFileType = folder.assetcatalog; path = Assets.xcassets; sourceTree = "<group>"; };
		C4BF13FF24355C7300B1527B /* Info.plist */ = {isa = PBXFileReference; lastKnownFileType = text.plist.xml; path = Info.plist; sourceTree = "<group>"; };
		C4BF140624355DE500B1527B /* Base */ = {isa = PBXFileReference; lastKnownFileType = file.storyboard; name = Base; path = "../../swift-ViewLifeCycle-readme-g-416/ViewLifeCycle/Base.lproj/Main.storyboard"; sourceTree = "<group>"; };
		C4BF140924355DED00B1527B /* Base */ = {isa = PBXFileReference; lastKnownFileType = file.storyboard; name = Base; path = "../../swift-ViewLifeCycle-readme-g-416/ViewLifeCycle/Base.lproj/LaunchScreen.storyboard"; sourceTree = "<group>"; };
/* End PBXFileReference section */

/* Begin PBXFrameworksBuildPhase section */
		C4BF13EB24355C7000B1527B /* Frameworks */ = {
			isa = PBXFrameworksBuildPhase;
			buildActionMask = 2147483647;
			files = (
			);
			runOnlyForDeploymentPostprocessing = 0;
		};
/* End PBXFrameworksBuildPhase section */

/* Begin PBXGroup section */
		C4BF13E524355C7000B1527B = {
			isa = PBXGroup;
			children = (
				C4BF13F024355C7000B1527B /* View Life Cycle Lab */,
				C4BF13EF24355C7000B1527B /* Products */,
			);
			sourceTree = "<group>";
		};
		C4BF13EF24355C7000B1527B /* Products */ = {
			isa = PBXGroup;
			children = (
				C4BF13EE24355C7000B1527B /* View Life Cycle Lab.app */,
			);
			name = Products;
			sourceTree = "<group>";
		};
		C4BF13F024355C7000B1527B /* View Life Cycle Lab */ = {
			isa = PBXGroup;
			children = (
				C4BF13F124355C7000B1527B /* AppDelegate.swift */,
				C4BF13F324355C7000B1527B /* SceneDelegate.swift */,
				C4BF13F524355C7000B1527B /* ViewController.swift */,
				C4BF140524355DE500B1527B /* Main.storyboard */,
				C4BF13FA24355C7300B1527B /* Assets.xcassets */,
				C4BF140824355DED00B1527B /* LaunchScreen.storyboard */,
				C4BF13FF24355C7300B1527B /* Info.plist */,
			);
			path = "View Life Cycle Lab";
			sourceTree = "<group>";
		};
/* End PBXGroup section */

/* Begin PBXNativeTarget section */
		C4BF13ED24355C7000B1527B /* View Life Cycle Lab */ = {
			isa = PBXNativeTarget;
			buildConfigurationList = C4BF140224355C7300B1527B /* Build configuration list for PBXNativeTarget "View Life Cycle Lab" */;
			buildPhases = (
				C4BF13EA24355C7000B1527B /* Sources */,
				C4BF13EB24355C7000B1527B /* Frameworks */,
				C4BF13EC24355C7000B1527B /* Resources */,
			);
			buildRules = (
			);
			dependencies = (
			);
			name = "View Life Cycle Lab";
			productName = "View Life Cycle Lab";
			productReference = C4BF13EE24355C7000B1527B /* View Life Cycle Lab.app */;
			productType = "com.apple.product-type.application";
		};
/* End PBXNativeTarget section */

/* Begin PBXProject section */
		C4BF13E624355C7000B1527B /* Project object */ = {
			isa = PBXProject;
			attributes = {
				LastSwiftUpdateCheck = 1140;
				LastUpgradeCheck = 1140;
				ORGANIZATIONNAME = "Robert Tate";
				TargetAttributes = {
					C4BF13ED24355C7000B1527B = {
						CreatedOnToolsVersion = 11.4;
					};
				};
			};
			buildConfigurationList = C4BF13E924355C7000B1527B /* Build configuration list for PBXProject "View Life Cycle Lab" */;
			compatibilityVersion = "Xcode 9.3";
			developmentRegion = en;
			hasScannedForEncodings = 0;
			knownRegions = (
				en,
				Base,
			);
			mainGroup = C4BF13E524355C7000B1527B;
			productRefGroup = C4BF13EF24355C7000B1527B /* Products */;
			projectDirPath = "";
			projectRoot = "";
			targets = (
				C4BF13ED24355C7000B1527B /* View Life Cycle Lab */,
			);
		};
/* End PBXProject section */

/* Begin PBXResourcesBuildPhase section */
		C4BF13EC24355C7000B1527B /* Resources */ = {
			isa = PBXResourcesBuildPhase;
			buildActionMask = 2147483647;
			files = (
				C4BF140724355DE500B1527B /* Main.storyboard in Resources */,
				C4BF140A24355DED00B1527B /* LaunchScreen.storyboard in Resources */,
				C4BF13FB24355C7300B1527B /* Assets.xcassets in Resources */,
			);
			runOnlyForDeploymentPostprocessing = 0;
		};
/* End PBXResourcesBuildPhase section */

/* Begin PBXSourcesBuildPhase section */
		C4BF13EA24355C7000B1527B /* Sources */ = {
			isa = PBXSourcesBuildPhase;
			buildActionMask = 2147483647;
			files = (
				C4BF13F624355C7000B1527B /* ViewController.swift in Sources */,
				C4BF13F224355C7000B1527B /* AppDelegate.swift in Sources */,
				C4BF13F424355C7000B1527B /* SceneDelegate.swift in Sources */,
			);
			runOnlyForDeploymentPostprocessing = 0;
		};
/* End PBXSourcesBuildPhase section */

/* Begin PBXVariantGroup section */
		C4BF140524355DE500B1527B /* Main.storyboard */ = {
			isa = PBXVariantGroup;
			children = (
				C4BF140624355DE500B1527B /* Base */,
			);
			name = Main.storyboard;
			sourceTree = "<group>";
		};
		C4BF140824355DED00B1527B /* LaunchScreen.storyboard */ = {
			isa = PBXVariantGroup;
			children = (
				C4BF140924355DED00B1527B /* Base */,
			);
			name = LaunchScreen.storyboard;
			sourceTree = "<group>";
		};
/* End PBXVariantGroup section */

/* Begin XCBuildConfiguration section */
		C4BF140024355C7300B1527B /* Debug */ = {
			isa = XCBuildConfiguration;
			buildSettings = {
				ALWAYS_SEARCH_USER_PATHS = NO;
				CLANG_ANALYZER_NONNULL = YES;
				CLANG_ANALYZER_NUMBER_OBJECT_CONVERSION = YES_AGGRESSIVE;
				CLANG_CXX_LANGUAGE_STANDARD = "gnu++14";
				CLANG_CXX_LIBRARY = "libc++";
				CLANG_ENABLE_MODULES = YES;
				CLANG_ENABLE_OBJC_ARC = YES;
				CLANG_ENABLE_OBJC_WEAK = YES;
				CLANG_WARN_BLOCK_CAPTURE_AUTORELEASING = YES;
				CLANG_WARN_BOOL_CONVERSION = YES;
				CLANG_WARN_COMMA = YES;
				CLANG_WARN_CONSTANT_CONVERSION = YES;
				CLANG_WARN_DEPRECATED_OBJC_IMPLEMENTATIONS = YES;
				CLANG_WARN_DIRECT_OBJC_ISA_USAGE = YES_ERROR;
				CLANG_WARN_DOCUMENTATION_COMMENTS = YES;
				CLANG_WARN_EMPTY_BODY = YES;
				CLANG_WARN_ENUM_CONVERSION = YES;
				CLANG_WARN_INFINITE_RECURSION = YES;
				CLANG_WARN_INT_CONVERSION = YES;
				CLANG_WARN_NON_LITERAL_NULL_CONVERSION = YES;
				CLANG_WARN_OBJC_IMPLICIT_RETAIN_SELF = YES;
				CLANG_WARN_OBJC_LITERAL_CONVERSION = YES;
				CLANG_WARN_OBJC_ROOT_CLASS = YES_ERROR;
				CLANG_WARN_RANGE_LOOP_ANALYSIS = YES;
				CLANG_WARN_STRICT_PROTOTYPES = YES;
				CLANG_WARN_SUSPICIOUS_MOVE = YES;
				CLANG_WARN_UNGUARDED_AVAILABILITY = YES_AGGRESSIVE;
				CLANG_WARN_UNREACHABLE_CODE = YES;
				CLANG_WARN__DUPLICATE_METHOD_MATCH = YES;
				COPY_PHASE_STRIP = NO;
				DEBUG_INFORMATION_FORMAT = dwarf;
				ENABLE_STRICT_OBJC_MSGSEND = YES;
				ENABLE_TESTABILITY = YES;
				GCC_C_LANGUAGE_STANDARD = gnu11;
				GCC_DYNAMIC_NO_PIC = NO;
				GCC_NO_COMMON_BLOCKS = YES;
				GCC_OPTIMIZATION_LEVEL = 0;
				GCC_PREPROCESSOR_DEFINITIONS = (
					"DEBUG=1",
					"$(inherited)",
				);
				GCC_WARN_64_TO_32_BIT_CONVERSION = YES;
				GCC_WARN_ABOUT_RETURN_TYPE = YES_ERROR;
				GCC_WARN_UNDECLARED_SELECTOR = YES;
				GCC_WARN_UNINITIALIZED_AUTOS = YES_AGGRESSIVE;
				GCC_WARN_UNUSED_FUNCTION = YES;
				GCC_WARN_UNUSED_VARIABLE = YES;
				IPHONEOS_DEPLOYMENT_TARGET = 13.4;
				MTL_ENABLE_DEBUG_INFO = INCLUDE_SOURCE;
				MTL_FAST_MATH = YES;
				ONLY_ACTIVE_ARCH = YES;
				SDKROOT = iphoneos;
				SWIFT_ACTIVE_COMPILATION_CONDITIONS = DEBUG;
				SWIFT_OPTIMIZATION_LEVEL = "-Onone";
			};
			name = Debug;
		};
		C4BF140124355C7300B1527B /* Release */ = {
			isa = XCBuildConfiguration;
			buildSettings = {
				ALWAYS_SEARCH_USER_PATHS = NO;
				CLANG_ANALYZER_NONNULL = YES;
				CLANG_ANALYZER_NUMBER_OBJECT_CONVERSION = YES_AGGRESSIVE;
				CLANG_CXX_LANGUAGE_STANDARD = "gnu++14";
				CLANG_CXX_LIBRARY = "libc++";
				CLANG_ENABLE_MODULES = YES;
				CLANG_ENABLE_OBJC_ARC = YES;
				CLANG_ENABLE_OBJC_WEAK = YES;
				CLANG_WARN_BLOCK_CAPTURE_AUTORELEASING = YES;
				CLANG_WARN_BOOL_CONVERSION = YES;
				CLANG_WARN_COMMA = YES;
				CLANG_WARN_CONSTANT_CONVERSION = YES;
				CLANG_WARN_DEPRECATED_OBJC_IMPLEMENTATIONS = YES;
				CLANG_WARN_DIRECT_OBJC_ISA_USAGE = YES_ERROR;
				CLANG_WARN_DOCUMENTATION_COMMENTS = YES;
				CLANG_WARN_EMPTY_BODY = YES;
				CLANG_WARN_ENUM_CONVERSION = YES;
				CLANG_WARN_INFINITE_RECURSION = YES;
				CLANG_WARN_INT_CONVERSION = YES;
				CLANG_WARN_NON_LITERAL_NULL_CONVERSION = YES;
				CLANG_WARN_OBJC_IMPLICIT_RETAIN_SELF = YES;
				CLANG_WARN_OBJC_LITERAL_CONVERSION = YES;
				CLANG_WARN_OBJC_ROOT_CLASS = YES_ERROR;
				CLANG_WARN_RANGE_LOOP_ANALYSIS = YES;
				CLANG_WARN_STRICT_PROTOTYPES = YES;
				CLANG_WARN_SUSPICIOUS_MOVE = YES;
				CLANG_WARN_UNGUARDED_AVAILABILITY = YES_AGGRESSIVE;
				CLANG_WARN_UNREACHABLE_CODE = YES;
				CLANG_WARN__DUPLICATE_METHOD_MATCH = YES;
				COPY_PHASE_STRIP = NO;
				DEBUG_INFORMATION_FORMAT = "dwarf-with-dsym";
				ENABLE_NS_ASSERTIONS = NO;
				ENABLE_STRICT_OBJC_MSGSEND = YES;
				GCC_C_LANGUAGE_STANDARD = gnu11;
				GCC_NO_COMMON_BLOCKS = YES;
				GCC_WARN_64_TO_32_BIT_CONVERSION = YES;
				GCC_WARN_ABOUT_RETURN_TYPE = YES_ERROR;
				GCC_WARN_UNDECLARED_SELECTOR = YES;
				GCC_WARN_UNINITIALIZED_AUTOS = YES_AGGRESSIVE;
				GCC_WARN_UNUSED_FUNCTION = YES;
				GCC_WARN_UNUSED_VARIABLE = YES;
				IPHONEOS_DEPLOYMENT_TARGET = 13.4;
				MTL_ENABLE_DEBUG_INFO = NO;
				MTL_FAST_MATH = YES;
				SDKROOT = iphoneos;
				SWIFT_COMPILATION_MODE = wholemodule;
				SWIFT_OPTIMIZATION_LEVEL = "-O";
				VALIDATE_PRODUCT = YES;
			};
			name = Release;
		};
		C4BF140324355C7300B1527B /* Debug */ = {
			isa = XCBuildConfiguration;
			buildSettings = {
				ASSETCATALOG_COMPILER_APPICON_NAME = AppIcon;
				CODE_SIGN_STYLE = Automatic;
				INFOPLIST_FILE = "View Life Cycle Lab/Info.plist";
				LD_RUNPATH_SEARCH_PATHS = (
					"$(inherited)",
					"@executable_path/Frameworks",
				);
				PRODUCT_BUNDLE_IDENTIFIER = "com.Robert-Tate.View-Life-Cycle-Lab";
				PRODUCT_NAME = "$(TARGET_NAME)";
				SWIFT_VERSION = 5.0;
				TARGETED_DEVICE_FAMILY = "1,2";
			};
			name = Debug;
		};
		C4BF140424355C7300B1527B /* Release */ = {
			isa = XCBuildConfiguration;
			buildSettings = {
				ASSETCATALOG_COMPILER_APPICON_NAME = AppIcon;
				CODE_SIGN_STYLE = Automatic;
				INFOPLIST_FILE = "View Life Cycle Lab/Info.plist";
				LD_RUNPATH_SEARCH_PATHS = (
					"$(inherited)",
					"@executable_path/Frameworks",
				);
				PRODUCT_BUNDLE_IDENTIFIER = "com.Robert-Tate.View-Life-Cycle-Lab";
				PRODUCT_NAME = "$(TARGET_NAME)";
				SWIFT_VERSION = 5.0;
				TARGETED_DEVICE_FAMILY = "1,2";
			};
			name = Release;
		};
/* End XCBuildConfiguration section */

/* Begin XCConfigurationList section */
		C4BF13E924355C7000B1527B /* Build configuration list for PBXProject "View Life Cycle Lab" */ = {
			isa = XCConfigurationList;
			buildConfigurations = (
				C4BF140024355C7300B1527B /* Debug */,
				C4BF140124355C7300B1527B /* Release */,
			);
			defaultConfigurationIsVisible = 0;
			defaultConfigurationName = Release;
		};
		C4BF140224355C7300B1527B /* Build configuration list for PBXNativeTarget "View Life Cycle Lab" */ = {
			isa = XCConfigurationList;
			buildConfigurations = (
				C4BF140324355C7300B1527B /* Debug */,
				C4BF140424355C7300B1527B /* Release */,
			);
			defaultConfigurationIsVisible = 0;
			defaultConfigurationName = Release;
		};
/* End XCConfigurationList section */
	};
	rootObject = C4BF13E624355C7000B1527B /* Project object */;
}
